
Microsoft Visual Studio Solution File, Format Version 12.00
# Visual Studio 15
VisualStudioVersion = 15.0.28307.1231
MinimumVisualStudioVersion = 10.0.40219.1
Project("{FAE04EC0-301F-11D3-BF4B-00C04F79EFBC}") = "DesignPattern-icxl", "DesignPattern-icxl\DesignPattern-icxl.csproj", "{22A1623D-75BB-4484-AA54-D6452D2AEE96}"
EndProject
Project("{FAE04EC0-301F-11D3-BF4B-00C04F79EFBC}") = "DesignPatternCore", "DesignPatternCore\DesignPatternCore.csproj", "{F1BFF2BE-E2EC-404D-A605-811BF3DB16FF}"
EndProject
Project("{FAE04EC0-301F-11D3-BF4B-00C04F79EFBC}") = "DesignPattern-TestConsole", "DesignPattern-TestConsole\DesignPattern-TestConsole.csproj", "{4C9235A3-2DB8-4CE9-857E-427FB36A6DBF}"
EndProject
Project("{FAE04EC0-301F-11D3-BF4B-00C04F79EFBC}") = "DataStructureCore", "DataStructureCore\DataStructureCore.csproj", "{EA65FB70-B90F-4687-ABCA-6DB2E11DC59E}"
EndProject
Project("{FAE04EC0-301F-11D3-BF4B-00C04F79EFBC}") = "DataStructure-TestConsole", "DataStructure-TestConsole\DataStructure-TestConsole.csproj", "{E792213B-C291-4950-A365-B68AFD0B0692}"
EndProject
Global
	GlobalSection(SolutionConfigurationPlatforms) = preSolution
		Debug|Any CPU = Debug|Any CPU
		Release|Any CPU = Release|Any CPU
	EndGlobalSection
	GlobalSection(ProjectConfigurationPlatforms) = postSolution
		{22A1623D-75BB-4484-AA54-D6452D2AEE96}.Debug|Any CPU.ActiveCfg = Debug|Any CPU
		{22A1623D-75BB-4484-AA54-D6452D2AEE96}.Debug|Any CPU.Build.0 = Debug|Any CPU
		{22A1623D-75BB-4484-AA54-D6452D2AEE96}.Release|Any CPU.ActiveCfg = Release|Any CPU
		{22A1623D-75BB-4484-AA54-D6452D2AEE96}.Release|Any CPU.Build.0 = Release|Any CPU
		{F1BFF2BE-E2EC-404D-A605-811BF3DB16FF}.Debug|Any CPU.ActiveCfg = Debug|Any CPU
		{F1BFF2BE-E2EC-404D-A605-811BF3DB16FF}.Debug|Any CPU.Build.0 = Debug|Any CPU
		{F1BFF2BE-E2EC-404D-A605-811BF3DB16FF}.Release|Any CPU.ActiveCfg = Release|Any CPU
		{F1BFF2BE-E2EC-404D-A605-811BF3DB16FF}.Release|Any CPU.Build.0 = Release|Any CPU
		{4C9235A3-2DB8-4CE9-857E-427FB36A6DBF}.Debug|Any CPU.ActiveCfg = Debug|Any CPU
		{4C9235A3-2DB8-4CE9-857E-427FB36A6DBF}.Debug|Any CPU.Build.0 = Debug|Any CPU
		{4C9235A3-2DB8-4CE9-857E-427FB36A6DBF}.Release|Any CPU.ActiveCfg = Release|Any CPU
		{4C9235A3-2DB8-4CE9-857E-427FB36A6DBF}.Release|Any CPU.Build.0 = Release|Any CPU
		{EA65FB70-B90F-4687-ABCA-6DB2E11DC59E}.Debug|Any CPU.ActiveCfg = Debug|Any CPU
		{EA65FB70-B90F-4687-ABCA-6DB2E11DC59E}.Debug|Any CPU.Build.0 = Debug|Any CPU
		{EA65FB70-B90F-4687-ABCA-6DB2E11DC59E}.Release|Any CPU.ActiveCfg = Release|Any CPU
		{EA65FB70-B90F-4687-ABCA-6DB2E11DC59E}.Release|Any CPU.Build.0 = Release|Any CPU
		{E792213B-C291-4950-A365-B68AFD0B0692}.Debug|Any CPU.ActiveCfg = Debug|Any CPU
		{E792213B-C291-4950-A365-B68AFD0B0692}.Debug|Any CPU.Build.0 = Debug|Any CPU
		{E792213B-C291-4950-A365-B68AFD0B0692}.Release|Any CPU.ActiveCfg = Release|Any CPU
		{E792213B-C291-4950-A365-B68AFD0B0692}.Release|Any CPU.Build.0 = Release|Any CPU
	EndGlobalSection
	GlobalSection(SolutionProperties) = preSolution
		HideSolutionNode = FALSE
	EndGlobalSection
	GlobalSection(ExtensibilityGlobals) = postSolution
		SolutionGuid = {A60EBA3D-8B74-4F56-A05F-B674C31925C0}
	EndGlobalSection
EndGlobal
